
Microsoft Visual Studio Solution File, Format Version 12.00
# Visual Studio Version 17
VisualStudioVersion = 17.0.31903.59
MinimumVisualStudioVersion = 10.0.40219.1
Project("{FAE04EC0-301F-11D3-BF4B-00C04F79EFBC}") = "ManagementCNCWorkshop.Api", "src\ManagementCNCWorkshop.Api\ManagementCNCWorkshop.Api.csproj", "{04C29F2C-11AD-45F6-A775-1C28BE49C226}"
EndProject
Global
	GlobalSection(SolutionConfigurationPlatforms) = preSolution
		Debug|Any CPU = Debug|Any CPU
		Release|Any CPU = Release|Any CPU
	EndGlobalSection
	GlobalSection(ProjectConfigurationPlatforms) = postSolution
		{04C29F2C-11AD-45F6-A775-1C28BE49C226}.Debug|Any CPU.ActiveCfg = Debug|Any CPU
		{04C29F2C-11AD-45F6-A775-1C28BE49C226}.Debug|Any CPU.Build.0 = Debug|Any CPU
		{04C29F2C-11AD-45F6-A775-1C28BE49C226}.Release|Any CPU.ActiveCfg = Release|Any CPU
		{04C29F2C-11AD-45F6-A775-1C28BE49C226}.Release|Any CPU.Build.0 = Release|Any CPU
	EndGlobalSection
EndGlobal
